// !$*UTF8*$!
{
	archiveVersion = 1;
	classes = {
	};
	objectVersion = 56;
	objects = {

/* Begin PBXBuildFile section */
		2A0A85D22B2A78E400FCDEA3 /* HistoryView.swift in Sources */ = {isa = PBXBuildFile; fileRef = 2A0A85D12B2A78E400FCDEA3 /* HistoryView.swift */; };
		2A3767062AB9EC3200D5C189 /* CounterEditor.swift in Sources */ = {isa = PBXBuildFile; fileRef = 2A3767052AB9EC3200D5C189 /* CounterEditor.swift */; };
		2A77CBEF2B338E3200663C1F /* Date+subtracting.swift in Sources */ = {isa = PBXBuildFile; fileRef = 2A77CBEE2B338E3200663C1F /* Date+subtracting.swift */; };
		2A8423EF2AB0974A00D9A8A3 /* CountTheWorldApp.swift in Sources */ = {isa = PBXBuildFile; fileRef = 2A8423EE2AB0974A00D9A8A3 /* CountTheWorldApp.swift */; };
		2A8423F12AB0974A00D9A8A3 /* ContentView.swift in Sources */ = {isa = PBXBuildFile; fileRef = 2A8423F02AB0974A00D9A8A3 /* ContentView.swift */; };
		2A8423F32AB0974A00D9A8A3 /* Counter.swift in Sources */ = {isa = PBXBuildFile; fileRef = 2A8423F22AB0974A00D9A8A3 /* Counter.swift */; };
		2A8423F52AB0974C00D9A8A3 /* Assets.xcassets in Resources */ = {isa = PBXBuildFile; fileRef = 2A8423F42AB0974C00D9A8A3 /* Assets.xcassets */; };
		2A8423F82AB0974C00D9A8A3 /* Preview Assets.xcassets in Resources */ = {isa = PBXBuildFile; fileRef = 2A8423F72AB0974C00D9A8A3 /* Preview Assets.xcassets */; };
		2A8424042AB0974D00D9A8A3 /* HistoryTests.swift in Sources */ = {isa = PBXBuildFile; fileRef = 2A8424032AB0974D00D9A8A3 /* HistoryTests.swift */; };
		2A84241D2AB0988800D9A8A3 /* CounterRow.swift in Sources */ = {isa = PBXBuildFile; fileRef = 2A84241C2AB0988800D9A8A3 /* CounterRow.swift */; };
		2A84241F2AB099B800D9A8A3 /* Color.swift in Sources */ = {isa = PBXBuildFile; fileRef = 2A84241E2AB099B800D9A8A3 /* Color.swift */; };
		2AD3B7312B3C6C9700FA7C0B /* ISO8601DateFormatter+staticFormatters.swift in Sources */ = {isa = PBXBuildFile; fileRef = 2AD3B7302B3C6C9700FA7C0B /* ISO8601DateFormatter+staticFormatters.swift */; };
		2ADF770E2B3132BC00097AF7 /* EventBucket.swift in Sources */ = {isa = PBXBuildFile; fileRef = 2ADF770D2B3132BC00097AF7 /* EventBucket.swift */; };
		2ADF77122B313C5100097AF7 /* TimeInterval+Conversions.swift in Sources */ = {isa = PBXBuildFile; fileRef = 2ADF77112B313C5100097AF7 /* TimeInterval+Conversions.swift */; };
		2AEC0B4B2B2E6D020079F952 /* CounterHistory.swift in Sources */ = {isa = PBXBuildFile; fileRef = 2AEC0B4A2B2E6D020079F952 /* CounterHistory.swift */; };
		2AEC0B4D2B2E6DEB0079F952 /* Calendar+componentsMatch.swift in Sources */ = {isa = PBXBuildFile; fileRef = 2AEC0B4C2B2E6DEB0079F952 /* Calendar+componentsMatch.swift */; };
		2AEC0B4F2B2E917A0079F952 /* Attributions.md in Resources */ = {isa = PBXBuildFile; fileRef = 2AEC0B4E2B2E917A0079F952 /* Attributions.md */; };
/* End PBXBuildFile section */

/* Begin PBXContainerItemProxy section */
		2A8424002AB0974D00D9A8A3 /* PBXContainerItemProxy */ = {
			isa = PBXContainerItemProxy;
			containerPortal = 2A8423E32AB0974A00D9A8A3 /* Project object */;
			proxyType = 1;
			remoteGlobalIDString = 2A8423EA2AB0974A00D9A8A3;
			remoteInfo = CountTheWorld;
		};
/* End PBXContainerItemProxy section */

/* Begin PBXCopyFilesBuildPhase section */
		2A69F70F2AC08B44000AF5B0 /* Embed Watch Content */ = {
			isa = PBXCopyFilesBuildPhase;
			buildActionMask = 2147483647;
			dstPath = "$(CONTENTS_FOLDER_PATH)/Watch";
			dstSubfolderSpec = 16;
			files = (
			);
			name = "Embed Watch Content";
			runOnlyForDeploymentPostprocessing = 0;
		};
		2A8424342AB09FD300D9A8A3 /* Embed ExtensionKit Extensions */ = {
			isa = PBXCopyFilesBuildPhase;
			buildActionMask = 2147483647;
			dstPath = "$(EXTENSIONS_FOLDER_PATH)";
			dstSubfolderSpec = 16;
			files = (
			);
			name = "Embed ExtensionKit Extensions";
			runOnlyForDeploymentPostprocessing = 0;
		};
/* End PBXCopyFilesBuildPhase section */

/* Begin PBXFileReference section */
		2A0A85D12B2A78E400FCDEA3 /* HistoryView.swift */ = {isa = PBXFileReference; lastKnownFileType = sourcecode.swift; path = HistoryView.swift; sourceTree = "<group>"; };
		2A3767052AB9EC3200D5C189 /* CounterEditor.swift */ = {isa = PBXFileReference; lastKnownFileType = sourcecode.swift; path = CounterEditor.swift; sourceTree = "<group>"; };
		2A77CBEE2B338E3200663C1F /* Date+subtracting.swift */ = {isa = PBXFileReference; lastKnownFileType = sourcecode.swift; path = "Date+subtracting.swift"; sourceTree = "<group>"; };
		2A8423EB2AB0974A00D9A8A3 /* CountTheWorld.app */ = {isa = PBXFileReference; explicitFileType = wrapper.application; includeInIndex = 0; path = CountTheWorld.app; sourceTree = BUILT_PRODUCTS_DIR; };
		2A8423EE2AB0974A00D9A8A3 /* CountTheWorldApp.swift */ = {isa = PBXFileReference; lastKnownFileType = sourcecode.swift; path = CountTheWorldApp.swift; sourceTree = "<group>"; };
		2A8423F02AB0974A00D9A8A3 /* ContentView.swift */ = {isa = PBXFileReference; lastKnownFileType = sourcecode.swift; path = ContentView.swift; sourceTree = "<group>"; };
		2A8423F22AB0974A00D9A8A3 /* Counter.swift */ = {isa = PBXFileReference; lastKnownFileType = sourcecode.swift; path = Counter.swift; sourceTree = "<group>"; };
		2A8423F42AB0974C00D9A8A3 /* Assets.xcassets */ = {isa = PBXFileReference; lastKnownFileType = folder.assetcatalog; path = Assets.xcassets; sourceTree = "<group>"; };
		2A8423F72AB0974C00D9A8A3 /* Preview Assets.xcassets */ = {isa = PBXFileReference; lastKnownFileType = folder.assetcatalog; path = "Preview Assets.xcassets"; sourceTree = "<group>"; };
		2A8423F92AB0974C00D9A8A3 /* CountTheWorld.entitlements */ = {isa = PBXFileReference; lastKnownFileType = text.plist.entitlements; path = CountTheWorld.entitlements; sourceTree = "<group>"; };
		2A8423FA2AB0974C00D9A8A3 /* Info.plist */ = {isa = PBXFileReference; lastKnownFileType = text.plist.xml; path = Info.plist; sourceTree = "<group>"; };
		2A8423FF2AB0974D00D9A8A3 /* CountTheWorldTests.xctest */ = {isa = PBXFileReference; explicitFileType = wrapper.cfbundle; includeInIndex = 0; path = CountTheWorldTests.xctest; sourceTree = BUILT_PRODUCTS_DIR; };
		2A8424032AB0974D00D9A8A3 /* HistoryTests.swift */ = {isa = PBXFileReference; lastKnownFileType = sourcecode.swift; path = HistoryTests.swift; sourceTree = "<group>"; };
		2A84241C2AB0988800D9A8A3 /* CounterRow.swift */ = {isa = PBXFileReference; lastKnownFileType = sourcecode.swift; path = CounterRow.swift; sourceTree = "<group>"; };
		2A84241E2AB099B800D9A8A3 /* Color.swift */ = {isa = PBXFileReference; lastKnownFileType = sourcecode.swift; path = Color.swift; sourceTree = "<group>"; };
		2AD3B7302B3C6C9700FA7C0B /* ISO8601DateFormatter+staticFormatters.swift */ = {isa = PBXFileReference; lastKnownFileType = sourcecode.swift; path = "ISO8601DateFormatter+staticFormatters.swift"; sourceTree = "<group>"; };
		2ADF770D2B3132BC00097AF7 /* EventBucket.swift */ = {isa = PBXFileReference; lastKnownFileType = sourcecode.swift; path = EventBucket.swift; sourceTree = "<group>"; };
		2ADF77112B313C5100097AF7 /* TimeInterval+Conversions.swift */ = {isa = PBXFileReference; lastKnownFileType = sourcecode.swift; path = "TimeInterval+Conversions.swift"; sourceTree = "<group>"; };
		2AEC0B4A2B2E6D020079F952 /* CounterHistory.swift */ = {isa = PBXFileReference; lastKnownFileType = sourcecode.swift; path = CounterHistory.swift; sourceTree = "<group>"; };
		2AEC0B4C2B2E6DEB0079F952 /* Calendar+componentsMatch.swift */ = {isa = PBXFileReference; lastKnownFileType = sourcecode.swift; path = "Calendar+componentsMatch.swift"; sourceTree = "<group>"; };
		2AEC0B4E2B2E917A0079F952 /* Attributions.md */ = {isa = PBXFileReference; lastKnownFileType = net.daringfireball.markdown; path = Attributions.md; sourceTree = "<group>"; };
/* End PBXFileReference section */

/* Begin PBXFrameworksBuildPhase section */
		2A8423E82AB0974A00D9A8A3 /* Frameworks */ = {
			isa = PBXFrameworksBuildPhase;
			buildActionMask = 2147483647;
			files = (
			);
			runOnlyForDeploymentPostprocessing = 0;
		};
		2A8423FC2AB0974D00D9A8A3 /* Frameworks */ = {
			isa = PBXFrameworksBuildPhase;
			buildActionMask = 2147483647;
			files = (
			);
			runOnlyForDeploymentPostprocessing = 0;
		};
/* End PBXFrameworksBuildPhase section */

/* Begin PBXGroup section */
		2A2104032B324D6E00B108AA /* Frameworks */ = {
			isa = PBXGroup;
			children = (
			);
			name = Frameworks;
			sourceTree = "<group>";
		};
		2A8423E22AB0974A00D9A8A3 = {
			isa = PBXGroup;
			children = (
				2AEC0B4E2B2E917A0079F952 /* Attributions.md */,
				2A8423ED2AB0974A00D9A8A3 /* CountTheWorld */,
				2A8424022AB0974D00D9A8A3 /* CountTheWorldTests */,
				2A8423EC2AB0974A00D9A8A3 /* Products */,
				2A2104032B324D6E00B108AA /* Frameworks */,
			);
			sourceTree = "<group>";
		};
		2A8423EC2AB0974A00D9A8A3 /* Products */ = {
			isa = PBXGroup;
			children = (
				2A8423EB2AB0974A00D9A8A3 /* CountTheWorld.app */,
				2A8423FF2AB0974D00D9A8A3 /* CountTheWorldTests.xctest */,
			);
			name = Products;
			sourceTree = "<group>";
		};
		2A8423ED2AB0974A00D9A8A3 /* CountTheWorld */ = {
			isa = PBXGroup;
			children = (
				2A8424222AB099D400D9A8A3 /* Extensions */,
				2A8424212AB099CF00D9A8A3 /* Models */,
				2A8424202AB099C500D9A8A3 /* Views */,
				2A8423EE2AB0974A00D9A8A3 /* CountTheWorldApp.swift */,
				2A8423F42AB0974C00D9A8A3 /* Assets.xcassets */,
				2A8423F92AB0974C00D9A8A3 /* CountTheWorld.entitlements */,
				2A8423FA2AB0974C00D9A8A3 /* Info.plist */,
				2A8423F62AB0974C00D9A8A3 /* Preview Content */,
			);
			path = CountTheWorld;
			sourceTree = "<group>";
		};
		2A8423F62AB0974C00D9A8A3 /* Preview Content */ = {
			isa = PBXGroup;
			children = (
				2A8423F72AB0974C00D9A8A3 /* Preview Assets.xcassets */,
			);
			path = "Preview Content";
			sourceTree = "<group>";
		};
		2A8424022AB0974D00D9A8A3 /* CountTheWorldTests */ = {
			isa = PBXGroup;
			children = (
				2A8424032AB0974D00D9A8A3 /* HistoryTests.swift */,
			);
			path = CountTheWorldTests;
			sourceTree = "<group>";
		};
		2A8424202AB099C500D9A8A3 /* Views */ = {
			isa = PBXGroup;
			children = (
				2A84241C2AB0988800D9A8A3 /* CounterRow.swift */,
				2A8423F02AB0974A00D9A8A3 /* ContentView.swift */,
				2A3767052AB9EC3200D5C189 /* CounterEditor.swift */,
				2A0A85D12B2A78E400FCDEA3 /* HistoryView.swift */,
			);
			path = Views;
			sourceTree = "<group>";
		};
		2A8424212AB099CF00D9A8A3 /* Models */ = {
			isa = PBXGroup;
			children = (
				2A8423F22AB0974A00D9A8A3 /* Counter.swift */,
				2AEC0B4A2B2E6D020079F952 /* CounterHistory.swift */,
				2ADF770D2B3132BC00097AF7 /* EventBucket.swift */,
			);
			path = Models;
			sourceTree = "<group>";
		};
		2A8424222AB099D400D9A8A3 /* Extensions */ = {
			isa = PBXGroup;
			children = (
				2A84241E2AB099B800D9A8A3 /* Color.swift */,
				2AEC0B4C2B2E6DEB0079F952 /* Calendar+componentsMatch.swift */,
				2ADF77112B313C5100097AF7 /* TimeInterval+Conversions.swift */,
				2A77CBEE2B338E3200663C1F /* Date+subtracting.swift */,
				2AD3B7302B3C6C9700FA7C0B /* ISO8601DateFormatter+staticFormatters.swift */,
			);
			path = Extensions;
			sourceTree = "<group>";
		};
/* End PBXGroup section */

/* Begin PBXNativeTarget section */
		2A8423EA2AB0974A00D9A8A3 /* CountTheWorld */ = {
			isa = PBXNativeTarget;
			buildConfigurationList = 2A8424132AB0974D00D9A8A3 /* Build configuration list for PBXNativeTarget "CountTheWorld" */;
			buildPhases = (
				2A8423E72AB0974A00D9A8A3 /* Sources */,
				2A8423E82AB0974A00D9A8A3 /* Frameworks */,
				2A8423E92AB0974A00D9A8A3 /* Resources */,
				2A8424342AB09FD300D9A8A3 /* Embed ExtensionKit Extensions */,
				2A69F70F2AC08B44000AF5B0 /* Embed Watch Content */,
			);
			buildRules = (
			);
			dependencies = (
			);
			name = CountTheWorld;
			packageProductDependencies = (
			);
			productName = CountTheWorld;
			productReference = 2A8423EB2AB0974A00D9A8A3 /* CountTheWorld.app */;
			productType = "com.apple.product-type.application";
		};
		2A8423FE2AB0974D00D9A8A3 /* CountTheWorldTests */ = {
			isa = PBXNativeTarget;
			buildConfigurationList = 2A8424162AB0974D00D9A8A3 /* Build configuration list for PBXNativeTarget "CountTheWorldTests" */;
			buildPhases = (
				2A8423FB2AB0974D00D9A8A3 /* Sources */,
				2A8423FC2AB0974D00D9A8A3 /* Frameworks */,
				2A8423FD2AB0974D00D9A8A3 /* Resources */,
			);
			buildRules = (
			);
			dependencies = (
				2A8424012AB0974D00D9A8A3 /* PBXTargetDependency */,
			);
			name = CountTheWorldTests;
			packageProductDependencies = (
			);
			productName = CountTheWorldTests;
			productReference = 2A8423FF2AB0974D00D9A8A3 /* CountTheWorldTests.xctest */;
			productType = "com.apple.product-type.bundle.unit-test";
		};
/* End PBXNativeTarget section */

/* Begin PBXProject section */
		2A8423E32AB0974A00D9A8A3 /* Project object */ = {
			isa = PBXProject;
			attributes = {
				BuildIndependentTargetsInParallel = 1;
				LastSwiftUpdateCheck = 1500;
				LastUpgradeCheck = 1500;
				TargetAttributes = {
					2A8423EA2AB0974A00D9A8A3 = {
						CreatedOnToolsVersion = 15.0;
					};
					2A8423FE2AB0974D00D9A8A3 = {
						CreatedOnToolsVersion = 15.0;
						TestTargetID = 2A8423EA2AB0974A00D9A8A3;
					};
				};
			};
			buildConfigurationList = 2A8423E62AB0974A00D9A8A3 /* Build configuration list for PBXProject "CountTheWorld" */;
			compatibilityVersion = "Xcode 14.0";
			developmentRegion = en;
			hasScannedForEncodings = 0;
			knownRegions = (
				en,
				Base,
			);
			mainGroup = 2A8423E22AB0974A00D9A8A3;
			packageReferences = (
			);
			productRefGroup = 2A8423EC2AB0974A00D9A8A3 /* Products */;
			projectDirPath = "";
			projectRoot = "";
			targets = (
				2A8423EA2AB0974A00D9A8A3 /* CountTheWorld */,
				2A8423FE2AB0974D00D9A8A3 /* CountTheWorldTests */,
			);
		};
/* End PBXProject section */

/* Begin PBXResourcesBuildPhase section */
		2A8423E92AB0974A00D9A8A3 /* Resources */ = {
			isa = PBXResourcesBuildPhase;
			buildActionMask = 2147483647;
			files = (
				2AEC0B4F2B2E917A0079F952 /* Attributions.md in Resources */,
				2A8423F82AB0974C00D9A8A3 /* Preview Assets.xcassets in Resources */,
				2A8423F52AB0974C00D9A8A3 /* Assets.xcassets in Resources */,
			);
			runOnlyForDeploymentPostprocessing = 0;
		};
		2A8423FD2AB0974D00D9A8A3 /* Resources */ = {
			isa = PBXResourcesBuildPhase;
			buildActionMask = 2147483647;
			files = (
			);
			runOnlyForDeploymentPostprocessing = 0;
		};
/* End PBXResourcesBuildPhase section */

/* Begin PBXSourcesBuildPhase section */
		2A8423E72AB0974A00D9A8A3 /* Sources */ = {
			isa = PBXSourcesBuildPhase;
			buildActionMask = 2147483647;
			files = (
				2ADF770E2B3132BC00097AF7 /* EventBucket.swift in Sources */,
				2A3767062AB9EC3200D5C189 /* CounterEditor.swift in Sources */,
				2A8423F12AB0974A00D9A8A3 /* ContentView.swift in Sources */,
				2A84241F2AB099B800D9A8A3 /* Color.swift in Sources */,
				2AEC0B4D2B2E6DEB0079F952 /* Calendar+componentsMatch.swift in Sources */,
				2A8423F32AB0974A00D9A8A3 /* Counter.swift in Sources */,
				2AEC0B4B2B2E6D020079F952 /* CounterHistory.swift in Sources */,
				2A84241D2AB0988800D9A8A3 /* CounterRow.swift in Sources */,
				2A77CBEF2B338E3200663C1F /* Date+subtracting.swift in Sources */,
				2ADF77122B313C5100097AF7 /* TimeInterval+Conversions.swift in Sources */,
				2AD3B7312B3C6C9700FA7C0B /* ISO8601DateFormatter+staticFormatters.swift in Sources */,
				2A8423EF2AB0974A00D9A8A3 /* CountTheWorldApp.swift in Sources */,
				2A0A85D22B2A78E400FCDEA3 /* HistoryView.swift in Sources */,
			);
			runOnlyForDeploymentPostprocessing = 0;
		};
		2A8423FB2AB0974D00D9A8A3 /* Sources */ = {
			isa = PBXSourcesBuildPhase;
			buildActionMask = 2147483647;
			files = (
				2A8424042AB0974D00D9A8A3 /* HistoryTests.swift in Sources */,
			);
			runOnlyForDeploymentPostprocessing = 0;
		};
/* End PBXSourcesBuildPhase section */

/* Begin PBXTargetDependency section */
		2A8424012AB0974D00D9A8A3 /* PBXTargetDependency */ = {
			isa = PBXTargetDependency;
			target = 2A8423EA2AB0974A00D9A8A3 /* CountTheWorld */;
			targetProxy = 2A8424002AB0974D00D9A8A3 /* PBXContainerItemProxy */;
		};
/* End PBXTargetDependency section */

/* Begin XCBuildConfiguration section */
		2A8424112AB0974D00D9A8A3 /* Debug */ = {
			isa = XCBuildConfiguration;
			buildSettings = {
				ALWAYS_SEARCH_USER_PATHS = NO;
				ASSETCATALOG_COMPILER_GENERATE_SWIFT_ASSET_SYMBOL_EXTENSIONS = YES;
				CLANG_ANALYZER_NONNULL = YES;
				CLANG_ANALYZER_NUMBER_OBJECT_CONVERSION = YES_AGGRESSIVE;
				CLANG_CXX_LANGUAGE_STANDARD = "gnu++20";
				CLANG_ENABLE_MODULES = YES;
				CLANG_ENABLE_OBJC_ARC = YES;
				CLANG_ENABLE_OBJC_WEAK = YES;
				CLANG_WARN_BLOCK_CAPTURE_AUTORELEASING = YES;
				CLANG_WARN_BOOL_CONVERSION = YES;
				CLANG_WARN_COMMA = YES;
				CLANG_WARN_CONSTANT_CONVERSION = YES;
				CLANG_WARN_DEPRECATED_OBJC_IMPLEMENTATIONS = YES;
				CLANG_WARN_DIRECT_OBJC_ISA_USAGE = YES_ERROR;
				CLANG_WARN_DOCUMENTATION_COMMENTS = YES;
				CLANG_WARN_EMPTY_BODY = YES;
				CLANG_WARN_ENUM_CONVERSION = YES;
				CLANG_WARN_INFINITE_RECURSION = YES;
				CLANG_WARN_INT_CONVERSION = YES;
				CLANG_WARN_NON_LITERAL_NULL_CONVERSION = YES;
				CLANG_WARN_OBJC_IMPLICIT_RETAIN_SELF = YES;
				CLANG_WARN_OBJC_LITERAL_CONVERSION = YES;
				CLANG_WARN_OBJC_ROOT_CLASS = YES_ERROR;
				CLANG_WARN_QUOTED_INCLUDE_IN_FRAMEWORK_HEADER = YES;
				CLANG_WARN_RANGE_LOOP_ANALYSIS = YES;
				CLANG_WARN_STRICT_PROTOTYPES = YES;
				CLANG_WARN_SUSPICIOUS_MOVE = YES;
				CLANG_WARN_UNGUARDED_AVAILABILITY = YES_AGGRESSIVE;
				CLANG_WARN_UNREACHABLE_CODE = YES;
				CLANG_WARN__DUPLICATE_METHOD_MATCH = YES;
				COPY_PHASE_STRIP = NO;
				DEBUG_INFORMATION_FORMAT = dwarf;
				ENABLE_STRICT_OBJC_MSGSEND = YES;
				ENABLE_TESTABILITY = YES;
				ENABLE_USER_SCRIPT_SANDBOXING = YES;
				GCC_C_LANGUAGE_STANDARD = gnu17;
				GCC_DYNAMIC_NO_PIC = NO;
				GCC_NO_COMMON_BLOCKS = YES;
				GCC_OPTIMIZATION_LEVEL = 0;
				GCC_PREPROCESSOR_DEFINITIONS = (
					"DEBUG=1",
					"$(inherited)",
				);
				GCC_WARN_64_TO_32_BIT_CONVERSION = YES;
				GCC_WARN_ABOUT_RETURN_TYPE = YES_ERROR;
				GCC_WARN_UNDECLARED_SELECTOR = YES;
				GCC_WARN_UNINITIALIZED_AUTOS = YES_AGGRESSIVE;
				GCC_WARN_UNUSED_FUNCTION = YES;
				GCC_WARN_UNUSED_VARIABLE = YES;
				IPHONEOS_DEPLOYMENT_TARGET = 17.0;
				LOCALIZATION_PREFERS_STRING_CATALOGS = YES;
				MTL_ENABLE_DEBUG_INFO = INCLUDE_SOURCE;
				MTL_FAST_MATH = YES;
				ONLY_ACTIVE_ARCH = YES;
				SDKROOT = iphoneos;
				SWIFT_ACTIVE_COMPILATION_CONDITIONS = "DEBUG $(inherited)";
				SWIFT_OPTIMIZATION_LEVEL = "-Onone";
			};
			name = Debug;
		};
		2A8424122AB0974D00D9A8A3 /* Release */ = {
			isa = XCBuildConfiguration;
			buildSettings = {
				ALWAYS_SEARCH_USER_PATHS = NO;
				ASSETCATALOG_COMPILER_GENERATE_SWIFT_ASSET_SYMBOL_EXTENSIONS = YES;
				CLANG_ANALYZER_NONNULL = YES;
				CLANG_ANALYZER_NUMBER_OBJECT_CONVERSION = YES_AGGRESSIVE;
				CLANG_CXX_LANGUAGE_STANDARD = "gnu++20";
				CLANG_ENABLE_MODULES = YES;
				CLANG_ENABLE_OBJC_ARC = YES;
				CLANG_ENABLE_OBJC_WEAK = YES;
				CLANG_WARN_BLOCK_CAPTURE_AUTORELEASING = YES;
				CLANG_WARN_BOOL_CONVERSION = YES;
				CLANG_WARN_COMMA = YES;
				CLANG_WARN_CONSTANT_CONVERSION = YES;
				CLANG_WARN_DEPRECATED_OBJC_IMPLEMENTATIONS = YES;
				CLANG_WARN_DIRECT_OBJC_ISA_USAGE = YES_ERROR;
				CLANG_WARN_DOCUMENTATION_COMMENTS = YES;
				CLANG_WARN_EMPTY_BODY = YES;
				CLANG_WARN_ENUM_CONVERSION = YES;
				CLANG_WARN_INFINITE_RECURSION = YES;
				CLANG_WARN_INT_CONVERSION = YES;
				CLANG_WARN_NON_LITERAL_NULL_CONVERSION = YES;
				CLANG_WARN_OBJC_IMPLICIT_RETAIN_SELF = YES;
				CLANG_WARN_OBJC_LITERAL_CONVERSION = YES;
				CLANG_WARN_OBJC_ROOT_CLASS = YES_ERROR;
				CLANG_WARN_QUOTED_INCLUDE_IN_FRAMEWORK_HEADER = YES;
				CLANG_WARN_RANGE_LOOP_ANALYSIS = YES;
				CLANG_WARN_STRICT_PROTOTYPES = YES;
				CLANG_WARN_SUSPICIOUS_MOVE = YES;
				CLANG_WARN_UNGUARDED_AVAILABILITY = YES_AGGRESSIVE;
				CLANG_WARN_UNREACHABLE_CODE = YES;
				CLANG_WARN__DUPLICATE_METHOD_MATCH = YES;
				COPY_PHASE_STRIP = NO;
				DEBUG_INFORMATION_FORMAT = "dwarf-with-dsym";
				ENABLE_NS_ASSERTIONS = NO;
				ENABLE_STRICT_OBJC_MSGSEND = YES;
				ENABLE_USER_SCRIPT_SANDBOXING = YES;
				GCC_C_LANGUAGE_STANDARD = gnu17;
				GCC_NO_COMMON_BLOCKS = YES;
				GCC_WARN_64_TO_32_BIT_CONVERSION = YES;
				GCC_WARN_ABOUT_RETURN_TYPE = YES_ERROR;
				GCC_WARN_UNDECLARED_SELECTOR = YES;
				GCC_WARN_UNINITIALIZED_AUTOS = YES_AGGRESSIVE;
				GCC_WARN_UNUSED_FUNCTION = YES;
				GCC_WARN_UNUSED_VARIABLE = YES;
				IPHONEOS_DEPLOYMENT_TARGET = 17.0;
				LOCALIZATION_PREFERS_STRING_CATALOGS = YES;
				MTL_ENABLE_DEBUG_INFO = NO;
				MTL_FAST_MATH = YES;
				SDKROOT = iphoneos;
				SWIFT_COMPILATION_MODE = wholemodule;
				VALIDATE_PRODUCT = YES;
			};
			name = Release;
		};
		2A8424142AB0974D00D9A8A3 /* Debug */ = {
			isa = XCBuildConfiguration;
			buildSettings = {
				ALWAYS_EMBED_SWIFT_STANDARD_LIBRARIES = YES;
				ASSETCATALOG_COMPILER_APPICON_NAME = AppIcon;
				ASSETCATALOG_COMPILER_GLOBAL_ACCENT_COLOR_NAME = AccentColor;
				CODE_SIGN_ENTITLEMENTS = CountTheWorld/CountTheWorld.entitlements;
				CODE_SIGN_STYLE = Automatic;
				CURRENT_PROJECT_VERSION = 1;
				DEVELOPMENT_ASSET_PATHS = "\"CountTheWorld/Preview Content\"";
				DEVELOPMENT_TEAM = 5CHT5PKMHR;
				ENABLE_PREVIEWS = YES;
				GENERATE_INFOPLIST_FILE = YES;
				INFOPLIST_FILE = CountTheWorld/Info.plist;
				INFOPLIST_KEY_CFBundleDisplayName = "Count the World";
				INFOPLIST_KEY_LSApplicationCategoryType = "public.app-category.utilities";
				INFOPLIST_KEY_UIApplicationSceneManifest_Generation = YES;
				INFOPLIST_KEY_UIApplicationSupportsIndirectInputEvents = YES;
				INFOPLIST_KEY_UILaunchScreen_Generation = YES;
				INFOPLIST_KEY_UISupportedInterfaceOrientations = "UIInterfaceOrientationLandscapeLeft UIInterfaceOrientationLandscapeRight UIInterfaceOrientationPortrait UIInterfaceOrientationPortraitUpsideDown";
				LD_RUNPATH_SEARCH_PATHS = (
					"$(inherited)",
					"@executable_path/Frameworks",
				);
				MARKETING_VERSION = 1.0;
				PRODUCT_BUNDLE_IDENTIFIER = dev.hearst.CountTheWorld;
				PRODUCT_NAME = "$(TARGET_NAME)";
				SUPPORTED_PLATFORMS = "iphoneos iphonesimulator";
				SUPPORTS_MACCATALYST = NO;
				SUPPORTS_XR_DESIGNED_FOR_IPHONE_IPAD = YES;
				SWIFT_EMIT_LOC_STRINGS = YES;
				SWIFT_VERSION = 5.0;
				TARGETED_DEVICE_FAMILY = "1,2";
			};
			name = Debug;
		};
		2A8424152AB0974D00D9A8A3 /* Release */ = {
			isa = XCBuildConfiguration;
			buildSettings = {
				ALWAYS_EMBED_SWIFT_STANDARD_LIBRARIES = YES;
				ASSETCATALOG_COMPILER_APPICON_NAME = AppIcon;
				ASSETCATALOG_COMPILER_GLOBAL_ACCENT_COLOR_NAME = AccentColor;
				CODE_SIGN_ENTITLEMENTS = CountTheWorld/CountTheWorld.entitlements;
				CODE_SIGN_STYLE = Automatic;
				CURRENT_PROJECT_VERSION = 1;
				DEVELOPMENT_ASSET_PATHS = "\"CountTheWorld/Preview Content\"";
				DEVELOPMENT_TEAM = 5CHT5PKMHR;
				ENABLE_PREVIEWS = YES;
				GENERATE_INFOPLIST_FILE = YES;
				INFOPLIST_FILE = CountTheWorld/Info.plist;
				INFOPLIST_KEY_CFBundleDisplayName = "Count the World";
				INFOPLIST_KEY_LSApplicationCategoryType = "public.app-category.utilities";
				INFOPLIST_KEY_UIApplicationSceneManifest_Generation = YES;
				INFOPLIST_KEY_UIApplicationSupportsIndirectInputEvents = YES;
				INFOPLIST_KEY_UILaunchScreen_Generation = YES;
				INFOPLIST_KEY_UISupportedInterfaceOrientations = "UIInterfaceOrientationLandscapeLeft UIInterfaceOrientationLandscapeRight UIInterfaceOrientationPortrait UIInterfaceOrientationPortraitUpsideDown";
				LD_RUNPATH_SEARCH_PATHS = (
					"$(inherited)",
					"@executable_path/Frameworks",
				);
				MARKETING_VERSION = 1.0;
				PRODUCT_BUNDLE_IDENTIFIER = dev.hearst.CountTheWorld;
				PRODUCT_NAME = "$(TARGET_NAME)";
				SUPPORTED_PLATFORMS = "iphoneos iphonesimulator";
				SUPPORTS_MACCATALYST = NO;
				SUPPORTS_XR_DESIGNED_FOR_IPHONE_IPAD = YES;
				SWIFT_EMIT_LOC_STRINGS = YES;
				SWIFT_VERSION = 5.0;
				TARGETED_DEVICE_FAMILY = "1,2";
			};
			name = Release;
		};
		2A8424172AB0974D00D9A8A3 /* Debug */ = {
			isa = XCBuildConfiguration;
			buildSettings = {
				ALWAYS_EMBED_SWIFT_STANDARD_LIBRARIES = YES;
				BUNDLE_LOADER = "$(TEST_HOST)";
				CODE_SIGN_STYLE = Automatic;
				CURRENT_PROJECT_VERSION = 1;
				DEVELOPMENT_TEAM = 5CHT5PKMHR;
				GENERATE_INFOPLIST_FILE = YES;
				IPHONEOS_DEPLOYMENT_TARGET = 17.0;
				MARKETING_VERSION = 1.0;
				PRODUCT_BUNDLE_IDENTIFIER = dev.hearst.CountTheWorldTests;
				PRODUCT_NAME = "$(TARGET_NAME)";
				SWIFT_EMIT_LOC_STRINGS = NO;
				SWIFT_VERSION = 5.0;
				TARGETED_DEVICE_FAMILY = "1,2";
				TEST_HOST = "$(BUILT_PRODUCTS_DIR)/CountTheWorld.app/$(BUNDLE_EXECUTABLE_FOLDER_PATH)/CountTheWorld";
			};
			name = Debug;
		};
		2A8424182AB0974D00D9A8A3 /* Release */ = {
			isa = XCBuildConfiguration;
			buildSettings = {
				ALWAYS_EMBED_SWIFT_STANDARD_LIBRARIES = YES;
				BUNDLE_LOADER = "$(TEST_HOST)";
				CODE_SIGN_STYLE = Automatic;
				CURRENT_PROJECT_VERSION = 1;
				DEVELOPMENT_TEAM = 5CHT5PKMHR;
				GENERATE_INFOPLIST_FILE = YES;
				IPHONEOS_DEPLOYMENT_TARGET = 17.0;
				MARKETING_VERSION = 1.0;
				PRODUCT_BUNDLE_IDENTIFIER = dev.hearst.CountTheWorldTests;
				PRODUCT_NAME = "$(TARGET_NAME)";
				SWIFT_EMIT_LOC_STRINGS = NO;
				SWIFT_VERSION = 5.0;
				TARGETED_DEVICE_FAMILY = "1,2";
				TEST_HOST = "$(BUILT_PRODUCTS_DIR)/CountTheWorld.app/$(BUNDLE_EXECUTABLE_FOLDER_PATH)/CountTheWorld";
			};
			name = Release;
		};
/* End XCBuildConfiguration section */

/* Begin XCConfigurationList section */
		2A8423E62AB0974A00D9A8A3 /* Build configuration list for PBXProject "CountTheWorld" */ = {
			isa = XCConfigurationList;
			buildConfigurations = (
				2A8424112AB0974D00D9A8A3 /* Debug */,
				2A8424122AB0974D00D9A8A3 /* Release */,
			);
			defaultConfigurationIsVisible = 0;
			defaultConfigurationName = Release;
		};
		2A8424132AB0974D00D9A8A3 /* Build configuration list for PBXNativeTarget "CountTheWorld" */ = {
			isa = XCConfigurationList;
			buildConfigurations = (
				2A8424142AB0974D00D9A8A3 /* Debug */,
				2A8424152AB0974D00D9A8A3 /* Release */,
			);
			defaultConfigurationIsVisible = 0;
			defaultConfigurationName = Release;
		};
		2A8424162AB0974D00D9A8A3 /* Build configuration list for PBXNativeTarget "CountTheWorldTests" */ = {
			isa = XCConfigurationList;
			buildConfigurations = (
				2A8424172AB0974D00D9A8A3 /* Debug */,
				2A8424182AB0974D00D9A8A3 /* Release */,
			);
			defaultConfigurationIsVisible = 0;
			defaultConfigurationName = Release;
		};
/* End XCConfigurationList section */
	};
	rootObject = 2A8423E32AB0974A00D9A8A3 /* Project object */;
}
