// !$*UTF8*$!
{
	archiveVersion = 1;
	classes = {
	};
	objectVersion = 56;
	objects = {

/* Begin PBXBuildFile section */
		2A8423EF2AB0974A00D9A8A3 /* CountItApp.swift in Sources */ = {isa = PBXBuildFile; fileRef = 2A8423EE2AB0974A00D9A8A3 /* CountItApp.swift */; };
		2A8423F12AB0974A00D9A8A3 /* ContentView.swift in Sources */ = {isa = PBXBuildFile; fileRef = 2A8423F02AB0974A00D9A8A3 /* ContentView.swift */; };
		2A8423F32AB0974A00D9A8A3 /* Counter.swift in Sources */ = {isa = PBXBuildFile; fileRef = 2A8423F22AB0974A00D9A8A3 /* Counter.swift */; };
		2A8423F52AB0974C00D9A8A3 /* Assets.xcassets in Resources */ = {isa = PBXBuildFile; fileRef = 2A8423F42AB0974C00D9A8A3 /* Assets.xcassets */; };
		2A8423F82AB0974C00D9A8A3 /* Preview Assets.xcassets in Resources */ = {isa = PBXBuildFile; fileRef = 2A8423F72AB0974C00D9A8A3 /* Preview Assets.xcassets */; };
		2A8424042AB0974D00D9A8A3 /* CountItTests.swift in Sources */ = {isa = PBXBuildFile; fileRef = 2A8424032AB0974D00D9A8A3 /* CountItTests.swift */; };
		2A84240E2AB0974D00D9A8A3 /* CountItUITests.swift in Sources */ = {isa = PBXBuildFile; fileRef = 2A84240D2AB0974D00D9A8A3 /* CountItUITests.swift */; };
		2A8424102AB0974D00D9A8A3 /* CountItUITestsLaunchTests.swift in Sources */ = {isa = PBXBuildFile; fileRef = 2A84240F2AB0974D00D9A8A3 /* CountItUITestsLaunchTests.swift */; };
		2A84241D2AB0988800D9A8A3 /* CounterRowItem.swift in Sources */ = {isa = PBXBuildFile; fileRef = 2A84241C2AB0988800D9A8A3 /* CounterRowItem.swift */; };
		2A84241F2AB099B800D9A8A3 /* Color+random.swift in Sources */ = {isa = PBXBuildFile; fileRef = 2A84241E2AB099B800D9A8A3 /* Color+random.swift */; };
		2AFF56232AB0A35B00D251DD /* CounterIntentsExtension.swift in Sources */ = {isa = PBXBuildFile; fileRef = 2AFF56222AB0A35B00D251DD /* CounterIntentsExtension.swift */; };
		2AFF56252AB0A35B00D251DD /* CounterIntents.swift in Sources */ = {isa = PBXBuildFile; fileRef = 2AFF56242AB0A35B00D251DD /* CounterIntents.swift */; };
		2AFF56292AB0A35B00D251DD /* CounterIntents.appex in Embed ExtensionKit Extensions */ = {isa = PBXBuildFile; fileRef = 2AFF56202AB0A35B00D251DD /* CounterIntents.appex */; settings = {ATTRIBUTES = (RemoveHeadersOnCopy, ); }; };
		2AFF562D2AB0A39600D251DD /* CounterProvider.swift in Sources */ = {isa = PBXBuildFile; fileRef = 2A8424352AB0A00D00D9A8A3 /* CounterProvider.swift */; };
		2AFF562E2AB0A39E00D251DD /* Counter.swift in Sources */ = {isa = PBXBuildFile; fileRef = 2A8423F22AB0974A00D9A8A3 /* Counter.swift */; };
/* End PBXBuildFile section */

/* Begin PBXContainerItemProxy section */
		2A8424002AB0974D00D9A8A3 /* PBXContainerItemProxy */ = {
			isa = PBXContainerItemProxy;
			containerPortal = 2A8423E32AB0974A00D9A8A3 /* Project object */;
			proxyType = 1;
			remoteGlobalIDString = 2A8423EA2AB0974A00D9A8A3;
			remoteInfo = CountIt;
		};
		2A84240A2AB0974D00D9A8A3 /* PBXContainerItemProxy */ = {
			isa = PBXContainerItemProxy;
			containerPortal = 2A8423E32AB0974A00D9A8A3 /* Project object */;
			proxyType = 1;
			remoteGlobalIDString = 2A8423EA2AB0974A00D9A8A3;
			remoteInfo = CountIt;
		};
		2AFF56272AB0A35B00D251DD /* PBXContainerItemProxy */ = {
			isa = PBXContainerItemProxy;
			containerPortal = 2A8423E32AB0974A00D9A8A3 /* Project object */;
			proxyType = 1;
			remoteGlobalIDString = 2AFF561F2AB0A35B00D251DD;
			remoteInfo = CounterIntents;
		};
/* End PBXContainerItemProxy section */

/* Begin PBXCopyFilesBuildPhase section */
		2A8424342AB09FD300D9A8A3 /* Embed ExtensionKit Extensions */ = {
			isa = PBXCopyFilesBuildPhase;
			buildActionMask = 2147483647;
			dstPath = "$(EXTENSIONS_FOLDER_PATH)";
			dstSubfolderSpec = 16;
			files = (
				2AFF56292AB0A35B00D251DD /* CounterIntents.appex in Embed ExtensionKit Extensions */,
			);
			name = "Embed ExtensionKit Extensions";
			runOnlyForDeploymentPostprocessing = 0;
		};
/* End PBXCopyFilesBuildPhase section */

/* Begin PBXFileReference section */
		2A8423EB2AB0974A00D9A8A3 /* CountIt.app */ = {isa = PBXFileReference; explicitFileType = wrapper.application; includeInIndex = 0; path = CountIt.app; sourceTree = BUILT_PRODUCTS_DIR; };
		2A8423EE2AB0974A00D9A8A3 /* CountItApp.swift */ = {isa = PBXFileReference; lastKnownFileType = sourcecode.swift; path = CountItApp.swift; sourceTree = "<group>"; };
		2A8423F02AB0974A00D9A8A3 /* ContentView.swift */ = {isa = PBXFileReference; lastKnownFileType = sourcecode.swift; path = ContentView.swift; sourceTree = "<group>"; };
		2A8423F22AB0974A00D9A8A3 /* Counter.swift */ = {isa = PBXFileReference; lastKnownFileType = sourcecode.swift; path = Counter.swift; sourceTree = "<group>"; };
		2A8423F42AB0974C00D9A8A3 /* Assets.xcassets */ = {isa = PBXFileReference; lastKnownFileType = folder.assetcatalog; path = Assets.xcassets; sourceTree = "<group>"; };
		2A8423F72AB0974C00D9A8A3 /* Preview Assets.xcassets */ = {isa = PBXFileReference; lastKnownFileType = folder.assetcatalog; path = "Preview Assets.xcassets"; sourceTree = "<group>"; };
		2A8423F92AB0974C00D9A8A3 /* CountIt.entitlements */ = {isa = PBXFileReference; lastKnownFileType = text.plist.entitlements; path = CountIt.entitlements; sourceTree = "<group>"; };
		2A8423FA2AB0974C00D9A8A3 /* Info.plist */ = {isa = PBXFileReference; lastKnownFileType = text.plist.xml; path = Info.plist; sourceTree = "<group>"; };
		2A8423FF2AB0974D00D9A8A3 /* CountItTests.xctest */ = {isa = PBXFileReference; explicitFileType = wrapper.cfbundle; includeInIndex = 0; path = CountItTests.xctest; sourceTree = BUILT_PRODUCTS_DIR; };
		2A8424032AB0974D00D9A8A3 /* CountItTests.swift */ = {isa = PBXFileReference; lastKnownFileType = sourcecode.swift; path = CountItTests.swift; sourceTree = "<group>"; };
		2A8424092AB0974D00D9A8A3 /* CountItUITests.xctest */ = {isa = PBXFileReference; explicitFileType = wrapper.cfbundle; includeInIndex = 0; path = CountItUITests.xctest; sourceTree = BUILT_PRODUCTS_DIR; };
		2A84240D2AB0974D00D9A8A3 /* CountItUITests.swift */ = {isa = PBXFileReference; lastKnownFileType = sourcecode.swift; path = CountItUITests.swift; sourceTree = "<group>"; };
		2A84240F2AB0974D00D9A8A3 /* CountItUITestsLaunchTests.swift */ = {isa = PBXFileReference; lastKnownFileType = sourcecode.swift; path = CountItUITestsLaunchTests.swift; sourceTree = "<group>"; };
		2A84241C2AB0988800D9A8A3 /* CounterRowItem.swift */ = {isa = PBXFileReference; lastKnownFileType = sourcecode.swift; path = CounterRowItem.swift; sourceTree = "<group>"; };
		2A84241E2AB099B800D9A8A3 /* Color+random.swift */ = {isa = PBXFileReference; lastKnownFileType = sourcecode.swift; path = "Color+random.swift"; sourceTree = "<group>"; };
		2A8424352AB0A00D00D9A8A3 /* CounterProvider.swift */ = {isa = PBXFileReference; lastKnownFileType = sourcecode.swift; path = CounterProvider.swift; sourceTree = "<group>"; };
		2AE4F71E2AB0B5C6004B4E82 /* CounterIntents.entitlements */ = {isa = PBXFileReference; lastKnownFileType = text.plist.entitlements; path = CounterIntents.entitlements; sourceTree = "<group>"; };
		2AFF56202AB0A35B00D251DD /* CounterIntents.appex */ = {isa = PBXFileReference; explicitFileType = "wrapper.extensionkit-extension"; includeInIndex = 0; path = CounterIntents.appex; sourceTree = BUILT_PRODUCTS_DIR; };
		2AFF56222AB0A35B00D251DD /* CounterIntentsExtension.swift */ = {isa = PBXFileReference; lastKnownFileType = sourcecode.swift; path = CounterIntentsExtension.swift; sourceTree = "<group>"; };
		2AFF56242AB0A35B00D251DD /* CounterIntents.swift */ = {isa = PBXFileReference; lastKnownFileType = sourcecode.swift; path = CounterIntents.swift; sourceTree = "<group>"; };
		2AFF56262AB0A35B00D251DD /* Info.plist */ = {isa = PBXFileReference; lastKnownFileType = text.plist.xml; path = Info.plist; sourceTree = "<group>"; };
/* End PBXFileReference section */

/* Begin PBXFrameworksBuildPhase section */
		2A8423E82AB0974A00D9A8A3 /* Frameworks */ = {
			isa = PBXFrameworksBuildPhase;
			buildActionMask = 2147483647;
			files = (
			);
			runOnlyForDeploymentPostprocessing = 0;
		};
		2A8423FC2AB0974D00D9A8A3 /* Frameworks */ = {
			isa = PBXFrameworksBuildPhase;
			buildActionMask = 2147483647;
			files = (
			);
			runOnlyForDeploymentPostprocessing = 0;
		};
		2A8424062AB0974D00D9A8A3 /* Frameworks */ = {
			isa = PBXFrameworksBuildPhase;
			buildActionMask = 2147483647;
			files = (
			);
			runOnlyForDeploymentPostprocessing = 0;
		};
		2AFF561D2AB0A35B00D251DD /* Frameworks */ = {
			isa = PBXFrameworksBuildPhase;
			buildActionMask = 2147483647;
			files = (
			);
			runOnlyForDeploymentPostprocessing = 0;
		};
/* End PBXFrameworksBuildPhase section */

/* Begin PBXGroup section */
		2A8423E22AB0974A00D9A8A3 = {
			isa = PBXGroup;
			children = (
				2A8423ED2AB0974A00D9A8A3 /* CountIt */,
				2A8424022AB0974D00D9A8A3 /* CountItTests */,
				2A84240C2AB0974D00D9A8A3 /* CountItUITests */,
				2AFF56212AB0A35B00D251DD /* CounterIntents */,
				2A8423EC2AB0974A00D9A8A3 /* Products */,
			);
			sourceTree = "<group>";
		};
		2A8423EC2AB0974A00D9A8A3 /* Products */ = {
			isa = PBXGroup;
			children = (
				2A8423EB2AB0974A00D9A8A3 /* CountIt.app */,
				2A8423FF2AB0974D00D9A8A3 /* CountItTests.xctest */,
				2A8424092AB0974D00D9A8A3 /* CountItUITests.xctest */,
				2AFF56202AB0A35B00D251DD /* CounterIntents.appex */,
			);
			name = Products;
			sourceTree = "<group>";
		};
		2A8423ED2AB0974A00D9A8A3 /* CountIt */ = {
			isa = PBXGroup;
			children = (
				2A8424222AB099D400D9A8A3 /* Extensions */,
				2A8424212AB099CF00D9A8A3 /* Models */,
				2A8424202AB099C500D9A8A3 /* Views */,
				2A8423EE2AB0974A00D9A8A3 /* CountItApp.swift */,
				2A8423F42AB0974C00D9A8A3 /* Assets.xcassets */,
				2A8423F92AB0974C00D9A8A3 /* CountIt.entitlements */,
				2A8423FA2AB0974C00D9A8A3 /* Info.plist */,
				2A8423F62AB0974C00D9A8A3 /* Preview Content */,
			);
			path = CountIt;
			sourceTree = "<group>";
		};
		2A8423F62AB0974C00D9A8A3 /* Preview Content */ = {
			isa = PBXGroup;
			children = (
				2A8423F72AB0974C00D9A8A3 /* Preview Assets.xcassets */,
			);
			path = "Preview Content";
			sourceTree = "<group>";
		};
		2A8424022AB0974D00D9A8A3 /* CountItTests */ = {
			isa = PBXGroup;
			children = (
				2A8424032AB0974D00D9A8A3 /* CountItTests.swift */,
			);
			path = CountItTests;
			sourceTree = "<group>";
		};
		2A84240C2AB0974D00D9A8A3 /* CountItUITests */ = {
			isa = PBXGroup;
			children = (
				2A84240D2AB0974D00D9A8A3 /* CountItUITests.swift */,
				2A84240F2AB0974D00D9A8A3 /* CountItUITestsLaunchTests.swift */,
			);
			path = CountItUITests;
			sourceTree = "<group>";
		};
		2A8424202AB099C500D9A8A3 /* Views */ = {
			isa = PBXGroup;
			children = (
				2A8423F02AB0974A00D9A8A3 /* ContentView.swift */,
				2A84241C2AB0988800D9A8A3 /* CounterRowItem.swift */,
			);
			path = Views;
			sourceTree = "<group>";
		};
		2A8424212AB099CF00D9A8A3 /* Models */ = {
			isa = PBXGroup;
			children = (
				2A8423F22AB0974A00D9A8A3 /* Counter.swift */,
			);
			path = Models;
			sourceTree = "<group>";
		};
		2A8424222AB099D400D9A8A3 /* Extensions */ = {
			isa = PBXGroup;
			children = (
				2A84241E2AB099B800D9A8A3 /* Color+random.swift */,
			);
			path = Extensions;
			sourceTree = "<group>";
		};
		2AFF56212AB0A35B00D251DD /* CounterIntents */ = {
			isa = PBXGroup;
			children = (
				2AE4F71E2AB0B5C6004B4E82 /* CounterIntents.entitlements */,
				2A8424352AB0A00D00D9A8A3 /* CounterProvider.swift */,
				2AFF56222AB0A35B00D251DD /* CounterIntentsExtension.swift */,
				2AFF56242AB0A35B00D251DD /* CounterIntents.swift */,
				2AFF56262AB0A35B00D251DD /* Info.plist */,
			);
			path = CounterIntents;
			sourceTree = "<group>";
		};
/* End PBXGroup section */

/* Begin PBXNativeTarget section */
		2A8423EA2AB0974A00D9A8A3 /* CountIt */ = {
			isa = PBXNativeTarget;
			buildConfigurationList = 2A8424132AB0974D00D9A8A3 /* Build configuration list for PBXNativeTarget "CountIt" */;
			buildPhases = (
				2A8423E72AB0974A00D9A8A3 /* Sources */,
				2A8423E82AB0974A00D9A8A3 /* Frameworks */,
				2A8423E92AB0974A00D9A8A3 /* Resources */,
				2A8424342AB09FD300D9A8A3 /* Embed ExtensionKit Extensions */,
			);
			buildRules = (
			);
			dependencies = (
				2AFF56282AB0A35B00D251DD /* PBXTargetDependency */,
			);
			name = CountIt;
			productName = CountIt;
			productReference = 2A8423EB2AB0974A00D9A8A3 /* CountIt.app */;
			productType = "com.apple.product-type.application";
		};
		2A8423FE2AB0974D00D9A8A3 /* CountItTests */ = {
			isa = PBXNativeTarget;
			buildConfigurationList = 2A8424162AB0974D00D9A8A3 /* Build configuration list for PBXNativeTarget "CountItTests" */;
			buildPhases = (
				2A8423FB2AB0974D00D9A8A3 /* Sources */,
				2A8423FC2AB0974D00D9A8A3 /* Frameworks */,
				2A8423FD2AB0974D00D9A8A3 /* Resources */,
			);
			buildRules = (
			);
			dependencies = (
				2A8424012AB0974D00D9A8A3 /* PBXTargetDependency */,
			);
			name = CountItTests;
			productName = CountItTests;
			productReference = 2A8423FF2AB0974D00D9A8A3 /* CountItTests.xctest */;
			productType = "com.apple.product-type.bundle.unit-test";
		};
		2A8424082AB0974D00D9A8A3 /* CountItUITests */ = {
			isa = PBXNativeTarget;
			buildConfigurationList = 2A8424192AB0974D00D9A8A3 /* Build configuration list for PBXNativeTarget "CountItUITests" */;
			buildPhases = (
				2A8424052AB0974D00D9A8A3 /* Sources */,
				2A8424062AB0974D00D9A8A3 /* Frameworks */,
				2A8424072AB0974D00D9A8A3 /* Resources */,
			);
			buildRules = (
			);
			dependencies = (
				2A84240B2AB0974D00D9A8A3 /* PBXTargetDependency */,
			);
			name = CountItUITests;
			productName = CountItUITests;
			productReference = 2A8424092AB0974D00D9A8A3 /* CountItUITests.xctest */;
			productType = "com.apple.product-type.bundle.ui-testing";
		};
		2AFF561F2AB0A35B00D251DD /* CounterIntents */ = {
			isa = PBXNativeTarget;
			buildConfigurationList = 2AFF562A2AB0A35B00D251DD /* Build configuration list for PBXNativeTarget "CounterIntents" */;
			buildPhases = (
				2AFF561C2AB0A35B00D251DD /* Sources */,
				2AFF561D2AB0A35B00D251DD /* Frameworks */,
				2AFF561E2AB0A35B00D251DD /* Resources */,
			);
			buildRules = (
			);
			dependencies = (
			);
			name = CounterIntents;
			productName = CounterIntents;
			productReference = 2AFF56202AB0A35B00D251DD /* CounterIntents.appex */;
			productType = "com.apple.product-type.extensionkit-extension";
		};
/* End PBXNativeTarget section */

/* Begin PBXProject section */
		2A8423E32AB0974A00D9A8A3 /* Project object */ = {
			isa = PBXProject;
			attributes = {
				BuildIndependentTargetsInParallel = 1;
				LastSwiftUpdateCheck = 1500;
				LastUpgradeCheck = 1500;
				TargetAttributes = {
					2A8423EA2AB0974A00D9A8A3 = {
						CreatedOnToolsVersion = 15.0;
					};
					2A8423FE2AB0974D00D9A8A3 = {
						CreatedOnToolsVersion = 15.0;
						TestTargetID = 2A8423EA2AB0974A00D9A8A3;
					};
					2A8424082AB0974D00D9A8A3 = {
						CreatedOnToolsVersion = 15.0;
						TestTargetID = 2A8423EA2AB0974A00D9A8A3;
					};
					2AFF561F2AB0A35B00D251DD = {
						CreatedOnToolsVersion = 15.0;
					};
				};
			};
			buildConfigurationList = 2A8423E62AB0974A00D9A8A3 /* Build configuration list for PBXProject "CountIt" */;
			compatibilityVersion = "Xcode 14.0";
			developmentRegion = en;
			hasScannedForEncodings = 0;
			knownRegions = (
				en,
				Base,
			);
			mainGroup = 2A8423E22AB0974A00D9A8A3;
			productRefGroup = 2A8423EC2AB0974A00D9A8A3 /* Products */;
			projectDirPath = "";
			projectRoot = "";
			targets = (
				2A8423EA2AB0974A00D9A8A3 /* CountIt */,
				2A8423FE2AB0974D00D9A8A3 /* CountItTests */,
				2A8424082AB0974D00D9A8A3 /* CountItUITests */,
				2AFF561F2AB0A35B00D251DD /* CounterIntents */,
			);
		};
/* End PBXProject section */

/* Begin PBXResourcesBuildPhase section */
		2A8423E92AB0974A00D9A8A3 /* Resources */ = {
			isa = PBXResourcesBuildPhase;
			buildActionMask = 2147483647;
			files = (
				2A8423F82AB0974C00D9A8A3 /* Preview Assets.xcassets in Resources */,
				2A8423F52AB0974C00D9A8A3 /* Assets.xcassets in Resources */,
			);
			runOnlyForDeploymentPostprocessing = 0;
		};
		2A8423FD2AB0974D00D9A8A3 /* Resources */ = {
			isa = PBXResourcesBuildPhase;
			buildActionMask = 2147483647;
			files = (
			);
			runOnlyForDeploymentPostprocessing = 0;
		};
		2A8424072AB0974D00D9A8A3 /* Resources */ = {
			isa = PBXResourcesBuildPhase;
			buildActionMask = 2147483647;
			files = (
			);
			runOnlyForDeploymentPostprocessing = 0;
		};
		2AFF561E2AB0A35B00D251DD /* Resources */ = {
			isa = PBXResourcesBuildPhase;
			buildActionMask = 2147483647;
			files = (
			);
			runOnlyForDeploymentPostprocessing = 0;
		};
/* End PBXResourcesBuildPhase section */

/* Begin PBXSourcesBuildPhase section */
		2A8423E72AB0974A00D9A8A3 /* Sources */ = {
			isa = PBXSourcesBuildPhase;
			buildActionMask = 2147483647;
			files = (
				2A8423F12AB0974A00D9A8A3 /* ContentView.swift in Sources */,
				2A84241F2AB099B800D9A8A3 /* Color+random.swift in Sources */,
				2A8423F32AB0974A00D9A8A3 /* Counter.swift in Sources */,
				2A84241D2AB0988800D9A8A3 /* CounterRowItem.swift in Sources */,
				2A8423EF2AB0974A00D9A8A3 /* CountItApp.swift in Sources */,
			);
			runOnlyForDeploymentPostprocessing = 0;
		};
		2A8423FB2AB0974D00D9A8A3 /* Sources */ = {
			isa = PBXSourcesBuildPhase;
			buildActionMask = 2147483647;
			files = (
				2A8424042AB0974D00D9A8A3 /* CountItTests.swift in Sources */,
			);
			runOnlyForDeploymentPostprocessing = 0;
		};
		2A8424052AB0974D00D9A8A3 /* Sources */ = {
			isa = PBXSourcesBuildPhase;
			buildActionMask = 2147483647;
			files = (
				2A84240E2AB0974D00D9A8A3 /* CountItUITests.swift in Sources */,
				2A8424102AB0974D00D9A8A3 /* CountItUITestsLaunchTests.swift in Sources */,
			);
			runOnlyForDeploymentPostprocessing = 0;
		};
		2AFF561C2AB0A35B00D251DD /* Sources */ = {
			isa = PBXSourcesBuildPhase;
			buildActionMask = 2147483647;
			files = (
				2AFF562E2AB0A39E00D251DD /* Counter.swift in Sources */,
				2AFF56252AB0A35B00D251DD /* CounterIntents.swift in Sources */,
				2AFF56232AB0A35B00D251DD /* CounterIntentsExtension.swift in Sources */,
				2AFF562D2AB0A39600D251DD /* CounterProvider.swift in Sources */,
			);
			runOnlyForDeploymentPostprocessing = 0;
		};
/* End PBXSourcesBuildPhase section */

/* Begin PBXTargetDependency section */
		2A8424012AB0974D00D9A8A3 /* PBXTargetDependency */ = {
			isa = PBXTargetDependency;
			target = 2A8423EA2AB0974A00D9A8A3 /* CountIt */;
			targetProxy = 2A8424002AB0974D00D9A8A3 /* PBXContainerItemProxy */;
		};
		2A84240B2AB0974D00D9A8A3 /* PBXTargetDependency */ = {
			isa = PBXTargetDependency;
			target = 2A8423EA2AB0974A00D9A8A3 /* CountIt */;
			targetProxy = 2A84240A2AB0974D00D9A8A3 /* PBXContainerItemProxy */;
		};
		2AFF56282AB0A35B00D251DD /* PBXTargetDependency */ = {
			isa = PBXTargetDependency;
			target = 2AFF561F2AB0A35B00D251DD /* CounterIntents */;
			targetProxy = 2AFF56272AB0A35B00D251DD /* PBXContainerItemProxy */;
		};
/* End PBXTargetDependency section */

/* Begin XCBuildConfiguration section */
		2A8424112AB0974D00D9A8A3 /* Debug */ = {
			isa = XCBuildConfiguration;
			buildSettings = {
				ALWAYS_SEARCH_USER_PATHS = NO;
				ASSETCATALOG_COMPILER_GENERATE_SWIFT_ASSET_SYMBOL_EXTENSIONS = YES;
				CLANG_ANALYZER_NONNULL = YES;
				CLANG_ANALYZER_NUMBER_OBJECT_CONVERSION = YES_AGGRESSIVE;
				CLANG_CXX_LANGUAGE_STANDARD = "gnu++20";
				CLANG_ENABLE_MODULES = YES;
				CLANG_ENABLE_OBJC_ARC = YES;
				CLANG_ENABLE_OBJC_WEAK = YES;
				CLANG_WARN_BLOCK_CAPTURE_AUTORELEASING = YES;
				CLANG_WARN_BOOL_CONVERSION = YES;
				CLANG_WARN_COMMA = YES;
				CLANG_WARN_CONSTANT_CONVERSION = YES;
				CLANG_WARN_DEPRECATED_OBJC_IMPLEMENTATIONS = YES;
				CLANG_WARN_DIRECT_OBJC_ISA_USAGE = YES_ERROR;
				CLANG_WARN_DOCUMENTATION_COMMENTS = YES;
				CLANG_WARN_EMPTY_BODY = YES;
				CLANG_WARN_ENUM_CONVERSION = YES;
				CLANG_WARN_INFINITE_RECURSION = YES;
				CLANG_WARN_INT_CONVERSION = YES;
				CLANG_WARN_NON_LITERAL_NULL_CONVERSION = YES;
				CLANG_WARN_OBJC_IMPLICIT_RETAIN_SELF = YES;
				CLANG_WARN_OBJC_LITERAL_CONVERSION = YES;
				CLANG_WARN_OBJC_ROOT_CLASS = YES_ERROR;
				CLANG_WARN_QUOTED_INCLUDE_IN_FRAMEWORK_HEADER = YES;
				CLANG_WARN_RANGE_LOOP_ANALYSIS = YES;
				CLANG_WARN_STRICT_PROTOTYPES = YES;
				CLANG_WARN_SUSPICIOUS_MOVE = YES;
				CLANG_WARN_UNGUARDED_AVAILABILITY = YES_AGGRESSIVE;
				CLANG_WARN_UNREACHABLE_CODE = YES;
				CLANG_WARN__DUPLICATE_METHOD_MATCH = YES;
				COPY_PHASE_STRIP = NO;
				DEBUG_INFORMATION_FORMAT = dwarf;
				ENABLE_STRICT_OBJC_MSGSEND = YES;
				ENABLE_TESTABILITY = YES;
				ENABLE_USER_SCRIPT_SANDBOXING = YES;
				GCC_C_LANGUAGE_STANDARD = gnu17;
				GCC_DYNAMIC_NO_PIC = NO;
				GCC_NO_COMMON_BLOCKS = YES;
				GCC_OPTIMIZATION_LEVEL = 0;
				GCC_PREPROCESSOR_DEFINITIONS = (
					"DEBUG=1",
					"$(inherited)",
				);
				GCC_WARN_64_TO_32_BIT_CONVERSION = YES;
				GCC_WARN_ABOUT_RETURN_TYPE = YES_ERROR;
				GCC_WARN_UNDECLARED_SELECTOR = YES;
				GCC_WARN_UNINITIALIZED_AUTOS = YES_AGGRESSIVE;
				GCC_WARN_UNUSED_FUNCTION = YES;
				GCC_WARN_UNUSED_VARIABLE = YES;
				IPHONEOS_DEPLOYMENT_TARGET = 17.0;
				LOCALIZATION_PREFERS_STRING_CATALOGS = YES;
				MTL_ENABLE_DEBUG_INFO = INCLUDE_SOURCE;
				MTL_FAST_MATH = YES;
				ONLY_ACTIVE_ARCH = YES;
				SDKROOT = iphoneos;
				SWIFT_ACTIVE_COMPILATION_CONDITIONS = "DEBUG $(inherited)";
				SWIFT_OPTIMIZATION_LEVEL = "-Onone";
			};
			name = Debug;
		};
		2A8424122AB0974D00D9A8A3 /* Release */ = {
			isa = XCBuildConfiguration;
			buildSettings = {
				ALWAYS_SEARCH_USER_PATHS = NO;
				ASSETCATALOG_COMPILER_GENERATE_SWIFT_ASSET_SYMBOL_EXTENSIONS = YES;
				CLANG_ANALYZER_NONNULL = YES;
				CLANG_ANALYZER_NUMBER_OBJECT_CONVERSION = YES_AGGRESSIVE;
				CLANG_CXX_LANGUAGE_STANDARD = "gnu++20";
				CLANG_ENABLE_MODULES = YES;
				CLANG_ENABLE_OBJC_ARC = YES;
				CLANG_ENABLE_OBJC_WEAK = YES;
				CLANG_WARN_BLOCK_CAPTURE_AUTORELEASING = YES;
				CLANG_WARN_BOOL_CONVERSION = YES;
				CLANG_WARN_COMMA = YES;
				CLANG_WARN_CONSTANT_CONVERSION = YES;
				CLANG_WARN_DEPRECATED_OBJC_IMPLEMENTATIONS = YES;
				CLANG_WARN_DIRECT_OBJC_ISA_USAGE = YES_ERROR;
				CLANG_WARN_DOCUMENTATION_COMMENTS = YES;
				CLANG_WARN_EMPTY_BODY = YES;
				CLANG_WARN_ENUM_CONVERSION = YES;
				CLANG_WARN_INFINITE_RECURSION = YES;
				CLANG_WARN_INT_CONVERSION = YES;
				CLANG_WARN_NON_LITERAL_NULL_CONVERSION = YES;
				CLANG_WARN_OBJC_IMPLICIT_RETAIN_SELF = YES;
				CLANG_WARN_OBJC_LITERAL_CONVERSION = YES;
				CLANG_WARN_OBJC_ROOT_CLASS = YES_ERROR;
				CLANG_WARN_QUOTED_INCLUDE_IN_FRAMEWORK_HEADER = YES;
				CLANG_WARN_RANGE_LOOP_ANALYSIS = YES;
				CLANG_WARN_STRICT_PROTOTYPES = YES;
				CLANG_WARN_SUSPICIOUS_MOVE = YES;
				CLANG_WARN_UNGUARDED_AVAILABILITY = YES_AGGRESSIVE;
				CLANG_WARN_UNREACHABLE_CODE = YES;
				CLANG_WARN__DUPLICATE_METHOD_MATCH = YES;
				COPY_PHASE_STRIP = NO;
				DEBUG_INFORMATION_FORMAT = "dwarf-with-dsym";
				ENABLE_NS_ASSERTIONS = NO;
				ENABLE_STRICT_OBJC_MSGSEND = YES;
				ENABLE_USER_SCRIPT_SANDBOXING = YES;
				GCC_C_LANGUAGE_STANDARD = gnu17;
				GCC_NO_COMMON_BLOCKS = YES;
				GCC_WARN_64_TO_32_BIT_CONVERSION = YES;
				GCC_WARN_ABOUT_RETURN_TYPE = YES_ERROR;
				GCC_WARN_UNDECLARED_SELECTOR = YES;
				GCC_WARN_UNINITIALIZED_AUTOS = YES_AGGRESSIVE;
				GCC_WARN_UNUSED_FUNCTION = YES;
				GCC_WARN_UNUSED_VARIABLE = YES;
				IPHONEOS_DEPLOYMENT_TARGET = 17.0;
				LOCALIZATION_PREFERS_STRING_CATALOGS = YES;
				MTL_ENABLE_DEBUG_INFO = NO;
				MTL_FAST_MATH = YES;
				SDKROOT = iphoneos;
				SWIFT_COMPILATION_MODE = wholemodule;
				VALIDATE_PRODUCT = YES;
			};
			name = Release;
		};
		2A8424142AB0974D00D9A8A3 /* Debug */ = {
			isa = XCBuildConfiguration;
			buildSettings = {
				ALWAYS_EMBED_SWIFT_STANDARD_LIBRARIES = YES;
				ASSETCATALOG_COMPILER_APPICON_NAME = AppIcon;
				ASSETCATALOG_COMPILER_GLOBAL_ACCENT_COLOR_NAME = AccentColor;
				CODE_SIGN_ENTITLEMENTS = CountIt/CountIt.entitlements;
				CODE_SIGN_STYLE = Automatic;
				CURRENT_PROJECT_VERSION = 1;
				DEVELOPMENT_ASSET_PATHS = "\"CountIt/Preview Content\"";
				DEVELOPMENT_TEAM = 5CHT5PKMHR;
				ENABLE_PREVIEWS = YES;
				GENERATE_INFOPLIST_FILE = YES;
				INFOPLIST_FILE = CountIt/Info.plist;
				INFOPLIST_KEY_UIApplicationSceneManifest_Generation = YES;
				INFOPLIST_KEY_UIApplicationSupportsIndirectInputEvents = YES;
				INFOPLIST_KEY_UILaunchScreen_Generation = YES;
				INFOPLIST_KEY_UISupportedInterfaceOrientations_iPad = "UIInterfaceOrientationPortrait UIInterfaceOrientationPortraitUpsideDown UIInterfaceOrientationLandscapeLeft UIInterfaceOrientationLandscapeRight";
				INFOPLIST_KEY_UISupportedInterfaceOrientations_iPhone = "UIInterfaceOrientationPortrait UIInterfaceOrientationLandscapeLeft UIInterfaceOrientationLandscapeRight";
				LD_RUNPATH_SEARCH_PATHS = (
					"$(inherited)",
					"@executable_path/Frameworks",
				);
				MARKETING_VERSION = 1.0;
				PRODUCT_BUNDLE_IDENTIFIER = dev.hearst.CountIt;
				PRODUCT_NAME = "$(TARGET_NAME)";
				SUPPORTED_PLATFORMS = "iphoneos iphonesimulator";
				SUPPORTS_MACCATALYST = NO;
				SUPPORTS_XR_DESIGNED_FOR_IPHONE_IPAD = YES;
				SWIFT_EMIT_LOC_STRINGS = YES;
				SWIFT_VERSION = 5.0;
				TARGETED_DEVICE_FAMILY = "1,2";
			};
			name = Debug;
		};
		2A8424152AB0974D00D9A8A3 /* Release */ = {
			isa = XCBuildConfiguration;
			buildSettings = {
				ALWAYS_EMBED_SWIFT_STANDARD_LIBRARIES = YES;
				ASSETCATALOG_COMPILER_APPICON_NAME = AppIcon;
				ASSETCATALOG_COMPILER_GLOBAL_ACCENT_COLOR_NAME = AccentColor;
				CODE_SIGN_ENTITLEMENTS = CountIt/CountIt.entitlements;
				CODE_SIGN_STYLE = Automatic;
				CURRENT_PROJECT_VERSION = 1;
				DEVELOPMENT_ASSET_PATHS = "\"CountIt/Preview Content\"";
				DEVELOPMENT_TEAM = 5CHT5PKMHR;
				ENABLE_PREVIEWS = YES;
				GENERATE_INFOPLIST_FILE = YES;
				INFOPLIST_FILE = CountIt/Info.plist;
				INFOPLIST_KEY_UIApplicationSceneManifest_Generation = YES;
				INFOPLIST_KEY_UIApplicationSupportsIndirectInputEvents = YES;
				INFOPLIST_KEY_UILaunchScreen_Generation = YES;
				INFOPLIST_KEY_UISupportedInterfaceOrientations_iPad = "UIInterfaceOrientationPortrait UIInterfaceOrientationPortraitUpsideDown UIInterfaceOrientationLandscapeLeft UIInterfaceOrientationLandscapeRight";
				INFOPLIST_KEY_UISupportedInterfaceOrientations_iPhone = "UIInterfaceOrientationPortrait UIInterfaceOrientationLandscapeLeft UIInterfaceOrientationLandscapeRight";
				LD_RUNPATH_SEARCH_PATHS = (
					"$(inherited)",
					"@executable_path/Frameworks",
				);
				MARKETING_VERSION = 1.0;
				PRODUCT_BUNDLE_IDENTIFIER = dev.hearst.CountIt;
				PRODUCT_NAME = "$(TARGET_NAME)";
				SUPPORTED_PLATFORMS = "iphoneos iphonesimulator";
				SUPPORTS_MACCATALYST = NO;
				SUPPORTS_XR_DESIGNED_FOR_IPHONE_IPAD = YES;
				SWIFT_EMIT_LOC_STRINGS = YES;
				SWIFT_VERSION = 5.0;
				TARGETED_DEVICE_FAMILY = "1,2";
			};
			name = Release;
		};
		2A8424172AB0974D00D9A8A3 /* Debug */ = {
			isa = XCBuildConfiguration;
			buildSettings = {
				ALWAYS_EMBED_SWIFT_STANDARD_LIBRARIES = YES;
				BUNDLE_LOADER = "$(TEST_HOST)";
				CODE_SIGN_STYLE = Automatic;
				CURRENT_PROJECT_VERSION = 1;
				DEVELOPMENT_TEAM = 5CHT5PKMHR;
				GENERATE_INFOPLIST_FILE = YES;
				IPHONEOS_DEPLOYMENT_TARGET = 17.0;
				MARKETING_VERSION = 1.0;
				PRODUCT_BUNDLE_IDENTIFIER = dev.hearst.CountItTests;
				PRODUCT_NAME = "$(TARGET_NAME)";
				SWIFT_EMIT_LOC_STRINGS = NO;
				SWIFT_VERSION = 5.0;
				TARGETED_DEVICE_FAMILY = "1,2";
				TEST_HOST = "$(BUILT_PRODUCTS_DIR)/CountIt.app/$(BUNDLE_EXECUTABLE_FOLDER_PATH)/CountIt";
			};
			name = Debug;
		};
		2A8424182AB0974D00D9A8A3 /* Release */ = {
			isa = XCBuildConfiguration;
			buildSettings = {
				ALWAYS_EMBED_SWIFT_STANDARD_LIBRARIES = YES;
				BUNDLE_LOADER = "$(TEST_HOST)";
				CODE_SIGN_STYLE = Automatic;
				CURRENT_PROJECT_VERSION = 1;
				DEVELOPMENT_TEAM = 5CHT5PKMHR;
				GENERATE_INFOPLIST_FILE = YES;
				IPHONEOS_DEPLOYMENT_TARGET = 17.0;
				MARKETING_VERSION = 1.0;
				PRODUCT_BUNDLE_IDENTIFIER = dev.hearst.CountItTests;
				PRODUCT_NAME = "$(TARGET_NAME)";
				SWIFT_EMIT_LOC_STRINGS = NO;
				SWIFT_VERSION = 5.0;
				TARGETED_DEVICE_FAMILY = "1,2";
				TEST_HOST = "$(BUILT_PRODUCTS_DIR)/CountIt.app/$(BUNDLE_EXECUTABLE_FOLDER_PATH)/CountIt";
			};
			name = Release;
		};
		2A84241A2AB0974D00D9A8A3 /* Debug */ = {
			isa = XCBuildConfiguration;
			buildSettings = {
				ALWAYS_EMBED_SWIFT_STANDARD_LIBRARIES = YES;
				CODE_SIGN_STYLE = Automatic;
				CURRENT_PROJECT_VERSION = 1;
				DEVELOPMENT_TEAM = 5CHT5PKMHR;
				GENERATE_INFOPLIST_FILE = YES;
				MARKETING_VERSION = 1.0;
				PRODUCT_BUNDLE_IDENTIFIER = dev.hearst.CountItUITests;
				PRODUCT_NAME = "$(TARGET_NAME)";
				SWIFT_EMIT_LOC_STRINGS = NO;
				SWIFT_VERSION = 5.0;
				TARGETED_DEVICE_FAMILY = "1,2";
				TEST_TARGET_NAME = CountIt;
			};
			name = Debug;
		};
		2A84241B2AB0974D00D9A8A3 /* Release */ = {
			isa = XCBuildConfiguration;
			buildSettings = {
				ALWAYS_EMBED_SWIFT_STANDARD_LIBRARIES = YES;
				CODE_SIGN_STYLE = Automatic;
				CURRENT_PROJECT_VERSION = 1;
				DEVELOPMENT_TEAM = 5CHT5PKMHR;
				GENERATE_INFOPLIST_FILE = YES;
				MARKETING_VERSION = 1.0;
				PRODUCT_BUNDLE_IDENTIFIER = dev.hearst.CountItUITests;
				PRODUCT_NAME = "$(TARGET_NAME)";
				SWIFT_EMIT_LOC_STRINGS = NO;
				SWIFT_VERSION = 5.0;
				TARGETED_DEVICE_FAMILY = "1,2";
				TEST_TARGET_NAME = CountIt;
			};
			name = Release;
		};
		2AFF562B2AB0A35B00D251DD /* Debug */ = {
			isa = XCBuildConfiguration;
			buildSettings = {
				CODE_SIGN_ENTITLEMENTS = CounterIntents/CounterIntents.entitlements;
				CODE_SIGN_STYLE = Automatic;
				CURRENT_PROJECT_VERSION = 1;
				DEVELOPMENT_TEAM = 5CHT5PKMHR;
				GENERATE_INFOPLIST_FILE = YES;
				INFOPLIST_FILE = CounterIntents/Info.plist;
				INFOPLIST_KEY_CFBundleDisplayName = CounterIntents;
				INFOPLIST_KEY_NSHumanReadableCopyright = "";
				LD_RUNPATH_SEARCH_PATHS = (
					"$(inherited)",
					"@executable_path/Frameworks",
					"@executable_path/../../Frameworks",
				);
				MARKETING_VERSION = 1.0;
				PRODUCT_BUNDLE_IDENTIFIER = dev.hearst.CountIt.CounterIntents;
				PRODUCT_NAME = "$(TARGET_NAME)";
				SKIP_INSTALL = YES;
				SWIFT_EMIT_LOC_STRINGS = YES;
				SWIFT_VERSION = 5.0;
				TARGETED_DEVICE_FAMILY = "1,2";
			};
			name = Debug;
		};
		2AFF562C2AB0A35B00D251DD /* Release */ = {
			isa = XCBuildConfiguration;
			buildSettings = {
				CODE_SIGN_ENTITLEMENTS = CounterIntents/CounterIntents.entitlements;
				CODE_SIGN_STYLE = Automatic;
				CURRENT_PROJECT_VERSION = 1;
				DEVELOPMENT_TEAM = 5CHT5PKMHR;
				GENERATE_INFOPLIST_FILE = YES;
				INFOPLIST_FILE = CounterIntents/Info.plist;
				INFOPLIST_KEY_CFBundleDisplayName = CounterIntents;
				INFOPLIST_KEY_NSHumanReadableCopyright = "";
				LD_RUNPATH_SEARCH_PATHS = (
					"$(inherited)",
					"@executable_path/Frameworks",
					"@executable_path/../../Frameworks",
				);
				MARKETING_VERSION = 1.0;
				PRODUCT_BUNDLE_IDENTIFIER = dev.hearst.CountIt.CounterIntents;
				PRODUCT_NAME = "$(TARGET_NAME)";
				SKIP_INSTALL = YES;
				SWIFT_EMIT_LOC_STRINGS = YES;
				SWIFT_VERSION = 5.0;
				TARGETED_DEVICE_FAMILY = "1,2";
			};
			name = Release;
		};
/* End XCBuildConfiguration section */

/* Begin XCConfigurationList section */
		2A8423E62AB0974A00D9A8A3 /* Build configuration list for PBXProject "CountIt" */ = {
			isa = XCConfigurationList;
			buildConfigurations = (
				2A8424112AB0974D00D9A8A3 /* Debug */,
				2A8424122AB0974D00D9A8A3 /* Release */,
			);
			defaultConfigurationIsVisible = 0;
			defaultConfigurationName = Release;
		};
		2A8424132AB0974D00D9A8A3 /* Build configuration list for PBXNativeTarget "CountIt" */ = {
			isa = XCConfigurationList;
			buildConfigurations = (
				2A8424142AB0974D00D9A8A3 /* Debug */,
				2A8424152AB0974D00D9A8A3 /* Release */,
			);
			defaultConfigurationIsVisible = 0;
			defaultConfigurationName = Release;
		};
		2A8424162AB0974D00D9A8A3 /* Build configuration list for PBXNativeTarget "CountItTests" */ = {
			isa = XCConfigurationList;
			buildConfigurations = (
				2A8424172AB0974D00D9A8A3 /* Debug */,
				2A8424182AB0974D00D9A8A3 /* Release */,
			);
			defaultConfigurationIsVisible = 0;
			defaultConfigurationName = Release;
		};
		2A8424192AB0974D00D9A8A3 /* Build configuration list for PBXNativeTarget "CountItUITests" */ = {
			isa = XCConfigurationList;
			buildConfigurations = (
				2A84241A2AB0974D00D9A8A3 /* Debug */,
				2A84241B2AB0974D00D9A8A3 /* Release */,
			);
			defaultConfigurationIsVisible = 0;
			defaultConfigurationName = Release;
		};
		2AFF562A2AB0A35B00D251DD /* Build configuration list for PBXNativeTarget "CounterIntents" */ = {
			isa = XCConfigurationList;
			buildConfigurations = (
				2AFF562B2AB0A35B00D251DD /* Debug */,
				2AFF562C2AB0A35B00D251DD /* Release */,
			);
			defaultConfigurationIsVisible = 0;
			defaultConfigurationName = Release;
		};
/* End XCConfigurationList section */
	};
	rootObject = 2A8423E32AB0974A00D9A8A3 /* Project object */;
}
